
Microsoft Visual Studio Solution File, Format Version 12.00
# Visual Studio Version 17
VisualStudioVersion = 17.0.31717.71
MinimumVisualStudioVersion = 10.0.40219.1
Project("{9A19103F-16F7-4668-BE54-9A1E7A4F7556}") = "neXn.IpifyWrapper", "neXn.IpifyWrapper\neXn.IpifyWrapper.csproj", "{EEDF5785-0CD2-4D8F-BE04-101A2BD02172}"
EndProject
Global
	GlobalSection(SolutionConfigurationPlatforms) = preSolution
		Debug|Any CPU = Debug|Any CPU
		Release|Any CPU = Release|Any CPU
	EndGlobalSection
	GlobalSection(ProjectConfigurationPlatforms) = postSolution
		{EEDF5785-0CD2-4D8F-BE04-101A2BD02172}.Debug|Any CPU.ActiveCfg = Debug|Any CPU
		{EEDF5785-0CD2-4D8F-BE04-101A2BD02172}.Debug|Any CPU.Build.0 = Debug|Any CPU
		{EEDF5785-0CD2-4D8F-BE04-101A2BD02172}.Release|Any CPU.ActiveCfg = Release|Any CPU
		{EEDF5785-0CD2-4D8F-BE04-101A2BD02172}.Release|Any CPU.Build.0 = Release|Any CPU
	EndGlobalSection
	GlobalSection(SolutionProperties) = preSolution
		HideSolutionNode = FALSE
	EndGlobalSection
	GlobalSection(ExtensibilityGlobals) = postSolution
		SolutionGuid = {90459A39-C22B-4A25-956D-9FC196177288}
	EndGlobalSection
EndGlobal
